
Microsoft Visual Studio Solution File, Format Version 12.00
# Visual Studio Version 16
VisualStudioVersion = 16.0.30330.147
MinimumVisualStudioVersion = 10.0.40219.1
Project("{FAE04EC0-301F-11D3-BF4B-00C04F79EFBC}") = "Carte_de_bucate", "Carte_de_bucate\Carte_de_bucate.csproj", "{FB99AF9C-2668-46B8-8C80-BF4747C6CB37}"
EndProject
Global
	GlobalSection(SolutionConfigurationPlatforms) = preSolution
		Debug|Any CPU = Debug|Any CPU
		Release|Any CPU = Release|Any CPU
	EndGlobalSection
	GlobalSection(ProjectConfigurationPlatforms) = postSolution
		{FB99AF9C-2668-46B8-8C80-BF4747C6CB37}.Debug|Any CPU.ActiveCfg = Debug|Any CPU
		{FB99AF9C-2668-46B8-8C80-BF4747C6CB37}.Debug|Any CPU.Build.0 = Debug|Any CPU
		{FB99AF9C-2668-46B8-8C80-BF4747C6CB37}.Release|Any CPU.ActiveCfg = Release|Any CPU
		{FB99AF9C-2668-46B8-8C80-BF4747C6CB37}.Release|Any CPU.Build.0 = Release|Any CPU
	EndGlobalSection
	GlobalSection(SolutionProperties) = preSolution
		HideSolutionNode = FALSE
	EndGlobalSection
	GlobalSection(ExtensibilityGlobals) = postSolution
		SolutionGuid = {0E1430C4-847E-4F7C-AB99-23EB76B27167}
	EndGlobalSection
EndGlobal
